
Microsoft Visual Studio Solution File, Format Version 12.00
# Visual Studio Version 16
VisualStudioVersion = 16.0.31613.86
MinimumVisualStudioVersion = 10.0.40219.1
Project("{FAE04EC0-301F-11D3-BF4B-00C04F79EFBC}") = "DGSDentalWeb", "DGSDentalWeb.csproj", "{17CDFE28-9E94-4BC2-AE7A-810692B5A2A4}"
EndProject
Global
	GlobalSection(SolutionConfigurationPlatforms) = preSolution
		Debug|Any CPU = Debug|Any CPU
		Release|Any CPU = Release|Any CPU
	EndGlobalSection
	GlobalSection(ProjectConfigurationPlatforms) = postSolution
		{17CDFE28-9E94-4BC2-AE7A-810692B5A2A4}.Debug|Any CPU.ActiveCfg = Debug|Any CPU
		{17CDFE28-9E94-4BC2-AE7A-810692B5A2A4}.Debug|Any CPU.Build.0 = Debug|Any CPU
		{17CDFE28-9E94-4BC2-AE7A-810692B5A2A4}.Release|Any CPU.ActiveCfg = Release|Any CPU
		{17CDFE28-9E94-4BC2-AE7A-810692B5A2A4}.Release|Any CPU.Build.0 = Release|Any CPU
	EndGlobalSection
	GlobalSection(SolutionProperties) = preSolution
		HideSolutionNode = FALSE
	EndGlobalSection
	GlobalSection(ExtensibilityGlobals) = postSolution
		SolutionGuid = {F66BEBD6-AA22-4556-B06F-606909169644}
	EndGlobalSection
EndGlobal
